
Microsoft Visual Studio Solution File, Format Version 12.00
# Visual Studio Version 17
VisualStudioVersion = 17.5.33516.290
MinimumVisualStudioVersion = 10.0.40219.1
Project("{FAE04EC0-301F-11D3-BF4B-00C04F79EFBC}") = "MV Dağılımı", "MV Dağılımı\MV Dağılımı.csproj", "{9D37C882-33FF-4963-A75F-4DEDA8F40009}"
EndProject
Global
	GlobalSection(SolutionConfigurationPlatforms) = preSolution
		Debug|Any CPU = Debug|Any CPU
		Release|Any CPU = Release|Any CPU
	EndGlobalSection
	GlobalSection(ProjectConfigurationPlatforms) = postSolution
		{9D37C882-33FF-4963-A75F-4DEDA8F40009}.Debug|Any CPU.ActiveCfg = Debug|Any CPU
		{9D37C882-33FF-4963-A75F-4DEDA8F40009}.Debug|Any CPU.Build.0 = Debug|Any CPU
		{9D37C882-33FF-4963-A75F-4DEDA8F40009}.Release|Any CPU.ActiveCfg = Release|Any CPU
		{9D37C882-33FF-4963-A75F-4DEDA8F40009}.Release|Any CPU.Build.0 = Release|Any CPU
	EndGlobalSection
	GlobalSection(SolutionProperties) = preSolution
		HideSolutionNode = FALSE
	EndGlobalSection
	GlobalSection(ExtensibilityGlobals) = postSolution
		SolutionGuid = {2C4321C5-0466-4867-BF50-5AD196571588}
	EndGlobalSection
EndGlobal
